
Microsoft Visual Studio Solution File, Format Version 12.00
# Visual Studio Version 17
VisualStudioVersion = 17.7.34031.279
MinimumVisualStudioVersion = 10.0.40219.1
Project("{9A19103F-16F7-4668-BE54-9A1E7A4F7556}") = "DomainFinal", "DomainFinal\DomainFinal.csproj", "{CA087CE0-8645-44ED-8E43-6736DE00D578}"
EndProject
Project("{9A19103F-16F7-4668-BE54-9A1E7A4F7556}") = "AppFinal", "AppFinal\AppFinal.csproj", "{2415C92C-06ED-4A7B-BD57-D1AE0E1EEAE3}"
EndProject
Project("{9A19103F-16F7-4668-BE54-9A1E7A4F7556}") = "InfrastructureFinal", "ArchitectureFinal\InfrastructureFinal.csproj", "{CDC4B76A-A51A-4BE4-902B-29C05C1B1F0F}"
EndProject
Project("{9A19103F-16F7-4668-BE54-9A1E7A4F7556}") = "ApiFinal", "ApiFinal\ApiFinal.csproj", "{F3F7E9FC-ADC1-4596-BF39-2591BD83C2CA}"
EndProject
Project("{FAE04EC0-301F-11D3-BF4B-00C04F79EFBC}") = "Final.Test", "Final.Test\Final.Test.csproj", "{901AB001-4C80-46AB-A1D2-C67A4EDD7858}"
EndProject
Global
	GlobalSection(SolutionConfigurationPlatforms) = preSolution
		Debug|Any CPU = Debug|Any CPU
		Release|Any CPU = Release|Any CPU
	EndGlobalSection
	GlobalSection(ProjectConfigurationPlatforms) = postSolution
		{CA087CE0-8645-44ED-8E43-6736DE00D578}.Debug|Any CPU.ActiveCfg = Debug|Any CPU
		{CA087CE0-8645-44ED-8E43-6736DE00D578}.Debug|Any CPU.Build.0 = Debug|Any CPU
		{CA087CE0-8645-44ED-8E43-6736DE00D578}.Release|Any CPU.ActiveCfg = Release|Any CPU
		{CA087CE0-8645-44ED-8E43-6736DE00D578}.Release|Any CPU.Build.0 = Release|Any CPU
		{2415C92C-06ED-4A7B-BD57-D1AE0E1EEAE3}.Debug|Any CPU.ActiveCfg = Debug|Any CPU
		{2415C92C-06ED-4A7B-BD57-D1AE0E1EEAE3}.Debug|Any CPU.Build.0 = Debug|Any CPU
		{2415C92C-06ED-4A7B-BD57-D1AE0E1EEAE3}.Release|Any CPU.ActiveCfg = Release|Any CPU
		{2415C92C-06ED-4A7B-BD57-D1AE0E1EEAE3}.Release|Any CPU.Build.0 = Release|Any CPU
		{CDC4B76A-A51A-4BE4-902B-29C05C1B1F0F}.Debug|Any CPU.ActiveCfg = Debug|Any CPU
		{CDC4B76A-A51A-4BE4-902B-29C05C1B1F0F}.Debug|Any CPU.Build.0 = Debug|Any CPU
		{CDC4B76A-A51A-4BE4-902B-29C05C1B1F0F}.Release|Any CPU.ActiveCfg = Release|Any CPU
		{CDC4B76A-A51A-4BE4-902B-29C05C1B1F0F}.Release|Any CPU.Build.0 = Release|Any CPU
		{F3F7E9FC-ADC1-4596-BF39-2591BD83C2CA}.Debug|Any CPU.ActiveCfg = Debug|Any CPU
		{F3F7E9FC-ADC1-4596-BF39-2591BD83C2CA}.Debug|Any CPU.Build.0 = Debug|Any CPU
		{F3F7E9FC-ADC1-4596-BF39-2591BD83C2CA}.Release|Any CPU.ActiveCfg = Release|Any CPU
		{F3F7E9FC-ADC1-4596-BF39-2591BD83C2CA}.Release|Any CPU.Build.0 = Release|Any CPU
		{901AB001-4C80-46AB-A1D2-C67A4EDD7858}.Debug|Any CPU.ActiveCfg = Debug|Any CPU
		{901AB001-4C80-46AB-A1D2-C67A4EDD7858}.Debug|Any CPU.Build.0 = Debug|Any CPU
		{901AB001-4C80-46AB-A1D2-C67A4EDD7858}.Release|Any CPU.ActiveCfg = Release|Any CPU
		{901AB001-4C80-46AB-A1D2-C67A4EDD7858}.Release|Any CPU.Build.0 = Release|Any CPU
	EndGlobalSection
	GlobalSection(SolutionProperties) = preSolution
		HideSolutionNode = FALSE
	EndGlobalSection
	GlobalSection(ExtensibilityGlobals) = postSolution
		SolutionGuid = {4A22DBCC-3831-4CA4-AC77-0F186745EBFE}
	EndGlobalSection
EndGlobal
